GEM
  remote: https://rubygems.org/
  specs:
    domain_name (0.6.20240107)
    http (6.0.4)
      http-cookie (~> 1.0)
      llhttp (~> 0.6.1)
    http-cookie (1.1.6)
      domain_name (~> 0.5)
    llhttp (0.6.2)
    os (1.1.4)

PLATFORMS
  x64-mingw-ucrt

DEPENDENCIES
  http (>= 6.0.4)
  os

CHECKSUMS
  bundler (4.0.16) sha256=d6ca5dd440c24f9abce9844cf44cc8e18c6a553de65a47efb4544137af92c47d
  domain_name (0.6.20240107) sha256=5f693b2215708476517479bf2b3802e49068ad82167bcd2286f899536a17d933
  http (6.0.4) sha256=3768f902489ea8309424f1881c668af8d3ca73675648a755dfe2cb0030d42d26
  http-cookie (1.1.6) sha256=ba4b82be64de61dc281243dac70e3c382c45142f20268ed9276a3670c93feaa9
  llhttp (0.6.2) sha256=3c3c59aafb1e1594ab2f45293478f697458f5a91eb0f0db4b27f61a064024982
  os (1.1.4) sha256=57816d6a334e7bd6aed048f4b0308226c5fb027433b67d90a9ab435f35108d3f

BUNDLED WITH
  4.0.16
